// !$*UTF8*$!
{
	archiveVersion = 1;
	classes = {
	};
	objectVersion = 50;
	objects = {

/* Begin PBXBuildFile section */
		4115EE2121397FE70099991F /* AppDelegate.swift in Sources */ = {isa = PBXBuildFile; fileRef = 4115EE2021397FE70099991F /* AppDelegate.swift */; };
		4115EE2321397FE70099991F /* ViewController.swift in Sources */ = {isa = PBXBuildFile; fileRef = 4115EE2221397FE70099991F /* ViewController.swift */; };
		4115EE2621397FE70099991F /* Main.storyboard in Resources */ = {isa = PBXBuildFile; fileRef = 4115EE2421397FE70099991F /* Main.storyboard */; };
		4115EE2821397FE80099991F /* Assets.xcassets in Resources */ = {isa = PBXBuildFile; fileRef = 4115EE2721397FE80099991F /* Assets.xcassets */; };
		4115EE2B21397FE80099991F /* LaunchScreen.storyboard in Resources */ = {isa = PBXBuildFile; fileRef = 4115EE2921397FE80099991F /* LaunchScreen.storyboard */; };
		4115EE3B213981430099991F /* APFancyPager.framework in Frameworks */ = {isa = PBXBuildFile; fileRef = 4115EE3A213981420099991F /* APFancyPager.framework */; };
		4115EE3C213981430099991F /* APFancyPager.framework in Embed Frameworks */ = {isa = PBXBuildFile; fileRef = 4115EE3A213981420099991F /* APFancyPager.framework */; settings = {ATTRIBUTES = (CodeSignOnCopy, RemoveHeadersOnCopy, ); }; };
		4139948E227C2FF300C616F0 /* APFancyPagerDemoUITests.swift in Sources */ = {isa = PBXBuildFile; fileRef = 4139948D227C2FF300C616F0 /* APFancyPagerDemoUITests.swift */; };
/* End PBXBuildFile section */

/* Begin PBXContainerItemProxy section */
		41399490227C2FF300C616F0 /* PBXContainerItemProxy */ = {
			isa = PBXContainerItemProxy;
			containerPortal = 4115EE1521397FE70099991F /* Project object */;
			proxyType = 1;
			remoteGlobalIDString = 4115EE1C21397FE70099991F;
			remoteInfo = APFancyPagerDemo;
		};
/* End PBXContainerItemProxy section */

/* Begin PBXCopyFilesBuildPhase section */
		4115EE36213980860099991F /* Embed Frameworks */ = {
			isa = PBXCopyFilesBuildPhase;
			buildActionMask = 2147483647;
			dstPath = "";
			dstSubfolderSpec = 10;
			files = (
				4115EE3C213981430099991F /* APFancyPager.framework in Embed Frameworks */,
			);
			name = "Embed Frameworks";
			runOnlyForDeploymentPostprocessing = 0;
		};
/* End PBXCopyFilesBuildPhase section */

/* Begin PBXFileReference section */
		4115EE1D21397FE70099991F /* APFancyPagerDemo.app */ = {isa = PBXFileReference; explicitFileType = wrapper.application; includeInIndex = 0; path = APFancyPagerDemo.app; sourceTree = BUILT_PRODUCTS_DIR; };
		4115EE2021397FE70099991F /* AppDelegate.swift */ = {isa = PBXFileReference; lastKnownFileType = sourcecode.swift; path = AppDelegate.swift; sourceTree = "<group>"; };
		4115EE2221397FE70099991F /* ViewController.swift */ = {isa = PBXFileReference; lastKnownFileType = sourcecode.swift; path = ViewController.swift; sourceTree = "<group>"; };
		4115EE2521397FE70099991F /* Base */ = {isa = PBXFileReference; lastKnownFileType = file.storyboard; name = Base; path = Base.lproj/Main.storyboard; sourceTree = "<group>"; };
		4115EE2721397FE80099991F /* Assets.xcassets */ = {isa = PBXFileReference; lastKnownFileType = folder.assetcatalog; path = Assets.xcassets; sourceTree = "<group>"; };
		4115EE2A21397FE80099991F /* Base */ = {isa = PBXFileReference; lastKnownFileType = file.storyboard; name = Base; path = Base.lproj/LaunchScreen.storyboard; sourceTree = "<group>"; };
		4115EE2C21397FE80099991F /* Info.plist */ = {isa = PBXFileReference; lastKnownFileType = text.plist.xml; path = Info.plist; sourceTree = "<group>"; };
		4115EE3A213981420099991F /* APFancyPager.framework */ = {isa = PBXFileReference; lastKnownFileType = wrapper.framework; name = APFancyPager.framework; path = APFancyPagerDemo/APFancyPager.framework; sourceTree = "<group>"; };
		4139948B227C2FF300C616F0 /* APFancyPagerDemoUITests.xctest */ = {isa = PBXFileReference; explicitFileType = wrapper.cfbundle; includeInIndex = 0; path = APFancyPagerDemoUITests.xctest; sourceTree = BUILT_PRODUCTS_DIR; };
		4139948D227C2FF300C616F0 /* APFancyPagerDemoUITests.swift */ = {isa = PBXFileReference; lastKnownFileType = sourcecode.swift; path = APFancyPagerDemoUITests.swift; sourceTree = "<group>"; };
		4139948F227C2FF300C616F0 /* Info.plist */ = {isa = PBXFileReference; lastKnownFileType = text.plist.xml; path = Info.plist; sourceTree = "<group>"; };
/* End PBXFileReference section */

/* Begin PBXFrameworksBuildPhase section */
		4115EE1A21397FE70099991F /* Frameworks */ = {
			isa = PBXFrameworksBuildPhase;
			buildActionMask = 2147483647;
			files = (
				4115EE3B213981430099991F /* APFancyPager.framework in Frameworks */,
			);
			runOnlyForDeploymentPostprocessing = 0;
		};
		41399488227C2FF300C616F0 /* Frameworks */ = {
			isa = PBXFrameworksBuildPhase;
			buildActionMask = 2147483647;
			files = (
			);
			runOnlyForDeploymentPostprocessing = 0;
		};
/* End PBXFrameworksBuildPhase section */

/* Begin PBXGroup section */
		4115EE1421397FE70099991F = {
			isa = PBXGroup;
			children = (
				4115EE3A213981420099991F /* APFancyPager.framework */,
				4115EE1F21397FE70099991F /* APFancyPagerDemo */,
				4139948C227C2FF300C616F0 /* APFancyPagerDemoUITests */,
				4115EE1E21397FE70099991F /* Products */,
				4115EE37213980B20099991F /* Frameworks */,
			);
			sourceTree = "<group>";
		};
		4115EE1E21397FE70099991F /* Products */ = {
			isa = PBXGroup;
			children = (
				4115EE1D21397FE70099991F /* APFancyPagerDemo.app */,
				4139948B227C2FF300C616F0 /* APFancyPagerDemoUITests.xctest */,
			);
			name = Products;
			sourceTree = "<group>";
		};
		4115EE1F21397FE70099991F /* APFancyPagerDemo */ = {
			isa = PBXGroup;
			children = (
				4115EE2021397FE70099991F /* AppDelegate.swift */,
				4115EE2221397FE70099991F /* ViewController.swift */,
				4115EE2421397FE70099991F /* Main.storyboard */,
				4115EE2721397FE80099991F /* Assets.xcassets */,
				4115EE2921397FE80099991F /* LaunchScreen.storyboard */,
				4115EE2C21397FE80099991F /* Info.plist */,
			);
			path = APFancyPagerDemo;
			sourceTree = "<group>";
		};
		4115EE37213980B20099991F /* Frameworks */ = {
			isa = PBXGroup;
			children = (
			);
			name = Frameworks;
			sourceTree = "<group>";
		};
		4139948C227C2FF300C616F0 /* APFancyPagerDemoUITests */ = {
			isa = PBXGroup;
			children = (
				4139948D227C2FF300C616F0 /* APFancyPagerDemoUITests.swift */,
				4139948F227C2FF300C616F0 /* Info.plist */,
			);
			path = APFancyPagerDemoUITests;
			sourceTree = "<group>";
		};
/* End PBXGroup section */

/* Begin PBXNativeTarget section */
		4115EE1C21397FE70099991F /* APFancyPagerDemo */ = {
			isa = PBXNativeTarget;
			buildConfigurationList = 4115EE2F21397FE80099991F /* Build configuration list for PBXNativeTarget "APFancyPagerDemo" */;
			buildPhases = (
				4115EE1921397FE70099991F /* Sources */,
				4115EE1A21397FE70099991F /* Frameworks */,
				4115EE1B21397FE70099991F /* Resources */,
				4115EE36213980860099991F /* Embed Frameworks */,
			);
			buildRules = (
			);
			dependencies = (
			);
			name = APFancyPagerDemo;
			productName = APFancyPagerDemo;
			productReference = 4115EE1D21397FE70099991F /* APFancyPagerDemo.app */;
			productType = "com.apple.product-type.application";
		};
		4139948A227C2FF300C616F0 /* APFancyPagerDemoUITests */ = {
			isa = PBXNativeTarget;
			buildConfigurationList = 41399492227C2FF300C616F0 /* Build configuration list for PBXNativeTarget "APFancyPagerDemoUITests" */;
			buildPhases = (
				41399487227C2FF300C616F0 /* Sources */,
				41399488227C2FF300C616F0 /* Frameworks */,
				41399489227C2FF300C616F0 /* Resources */,
			);
			buildRules = (
			);
			dependencies = (
				41399491227C2FF300C616F0 /* PBXTargetDependency */,
			);
			name = APFancyPagerDemoUITests;
			productName = APFancyPagerDemoUITests;
			productReference = 4139948B227C2FF300C616F0 /* APFancyPagerDemoUITests.xctest */;
			productType = "com.apple.product-type.bundle.ui-testing";
		};
/* End PBXNativeTarget section */

/* Begin PBXProject section */
		4115EE1521397FE70099991F /* Project object */ = {
			isa = PBXProject;
			attributes = {
				LastSwiftUpdateCheck = 1020;
				LastUpgradeCheck = 0940;
				ORGANIZATIONNAME = Apps;
				TargetAttributes = {
					4115EE1C21397FE70099991F = {
						CreatedOnToolsVersion = 9.4.1;
					};
					4139948A227C2FF300C616F0 = {
						CreatedOnToolsVersion = 10.2.1;
						TestTargetID = 4115EE1C21397FE70099991F;
					};
				};
			};
			buildConfigurationList = 4115EE1821397FE70099991F /* Build configuration list for PBXProject "APFancyPagerDemo" */;
			compatibilityVersion = "Xcode 9.3";
			developmentRegion = en;
			hasScannedForEncodings = 0;
			knownRegions = (
				en,
				Base,
			);
			mainGroup = 4115EE1421397FE70099991F;
			productRefGroup = 4115EE1E21397FE70099991F /* Products */;
			projectDirPath = "";
			projectRoot = "";
			targets = (
				4115EE1C21397FE70099991F /* APFancyPagerDemo */,
				4139948A227C2FF300C616F0 /* APFancyPagerDemoUITests */,
			);
		};
/* End PBXProject section */

/* Begin PBXResourcesBuildPhase section */
		4115EE1B21397FE70099991F /* Resources */ = {
			isa = PBXResourcesBuildPhase;
			buildActionMask = 2147483647;
			files = (
				4115EE2B21397FE80099991F /* LaunchScreen.storyboard in Resources */,
				4115EE2821397FE80099991F /* Assets.xcassets in Resources */,
				4115EE2621397FE70099991F /* Main.storyboard in Resources */,
			);
			runOnlyForDeploymentPostprocessing = 0;
		};
		41399489227C2FF300C616F0 /* Resources */ = {
			isa = PBXResourcesBuildPhase;
			buildActionMask = 2147483647;
			files = (
			);
			runOnlyForDeploymentPostprocessing = 0;
		};
/* End PBXResourcesBuildPhase section */

/* Begin PBXSourcesBuildPhase section */
		4115EE1921397FE70099991F /* Sources */ = {
			isa = PBXSourcesBuildPhase;
			buildActionMask = 2147483647;
			files = (
				4115EE2321397FE70099991F /* ViewController.swift in Sources */,
				4115EE2121397FE70099991F /* AppDelegate.swift in Sources */,
			);
			runOnlyForDeploymentPostprocessing = 0;
		};
		41399487227C2FF300C616F0 /* Sources */ = {
			isa = PBXSourcesBuildPhase;
			buildActionMask = 2147483647;
			files = (
				4139948E227C2FF300C616F0 /* APFancyPagerDemoUITests.swift in Sources */,
			);
			runOnlyForDeploymentPostprocessing = 0;
		};
/* End PBXSourcesBuildPhase section */

/* Begin PBXTargetDependency section */
		41399491227C2FF300C616F0 /* PBXTargetDependency */ = {
			isa = PBXTargetDependency;
			target = 4115EE1C21397FE70099991F /* APFancyPagerDemo */;
			targetProxy = 41399490227C2FF300C616F0 /* PBXContainerItemProxy */;
		};
/* End PBXTargetDependency section */

/* Begin PBXVariantGroup section */
		4115EE2421397FE70099991F /* Main.storyboard */ = {
			isa = PBXVariantGroup;
			children = (
				4115EE2521397FE70099991F /* Base */,
			);
			name = Main.storyboard;
			sourceTree = "<group>";
		};
		4115EE2921397FE80099991F /* LaunchScreen.storyboard */ = {
			isa = PBXVariantGroup;
			children = (
				4115EE2A21397FE80099991F /* Base */,
			);
			name = LaunchScreen.storyboard;
			sourceTree = "<group>";
		};
/* End PBXVariantGroup section */

/* Begin XCBuildConfiguration section */
		4115EE2D21397FE80099991F /* Debug */ = {
			isa = XCBuildConfiguration;
			buildSettings = {
				ALWAYS_SEARCH_USER_PATHS = NO;
				CLANG_ANALYZER_NONNULL = YES;
				CLANG_ANALYZER_NUMBER_OBJECT_CONVERSION = YES_AGGRESSIVE;
				CLANG_CXX_LANGUAGE_STANDARD = "gnu++14";
				CLANG_CXX_LIBRARY = "libc++";
				CLANG_ENABLE_MODULES = YES;
				CLANG_ENABLE_OBJC_ARC = YES;
				CLANG_ENABLE_OBJC_WEAK = YES;
				CLANG_WARN_BLOCK_CAPTURE_AUTORELEASING = YES;
				CLANG_WARN_BOOL_CONVERSION = YES;
				CLANG_WARN_COMMA = YES;
				CLANG_WARN_CONSTANT_CONVERSION = YES;
				CLANG_WARN_DEPRECATED_OBJC_IMPLEMENTATIONS = YES;
				CLANG_WARN_DIRECT_OBJC_ISA_USAGE = YES_ERROR;
				CLANG_WARN_DOCUMENTATION_COMMENTS = YES;
				CLANG_WARN_EMPTY_BODY = YES;
				CLANG_WARN_ENUM_CONVERSION = YES;
				CLANG_WARN_INFINITE_RECURSION = YES;
				CLANG_WARN_INT_CONVERSION = YES;
				CLANG_WARN_NON_LITERAL_NULL_CONVERSION = YES;
				CLANG_WARN_OBJC_IMPLICIT_RETAIN_SELF = YES;
				CLANG_WARN_OBJC_LITERAL_CONVERSION = YES;
				CLANG_WARN_OBJC_ROOT_CLASS = YES_ERROR;
				CLANG_WARN_RANGE_LOOP_ANALYSIS = YES;
				CLANG_WARN_STRICT_PROTOTYPES = YES;
				CLANG_WARN_SUSPICIOUS_MOVE = YES;
				CLANG_WARN_UNGUARDED_AVAILABILITY = YES_AGGRESSIVE;
				CLANG_WARN_UNREACHABLE_CODE = YES;
				CLANG_WARN__DUPLICATE_METHOD_MATCH = YES;
				CODE_SIGN_IDENTITY = "iPhone Developer";
				COPY_PHASE_STRIP = NO;
				DEBUG_INFORMATION_FORMAT = dwarf;
				ENABLE_STRICT_OBJC_MSGSEND = YES;
				ENABLE_TESTABILITY = YES;
				GCC_C_LANGUAGE_STANDARD = gnu11;
				GCC_DYNAMIC_NO_PIC = NO;
				GCC_NO_COMMON_BLOCKS = YES;
				GCC_OPTIMIZATION_LEVEL = 0;
				GCC_PREPROCESSOR_DEFINITIONS = (
					"DEBUG=1",
					"$(inherited)",
				);
				GCC_WARN_64_TO_32_BIT_CONVERSION = YES;
				GCC_WARN_ABOUT_RETURN_TYPE = YES_ERROR;
				GCC_WARN_UNDECLARED_SELECTOR = YES;
				GCC_WARN_UNINITIALIZED_AUTOS = YES_AGGRESSIVE;
				GCC_WARN_UNUSED_FUNCTION = YES;
				GCC_WARN_UNUSED_VARIABLE = YES;
				IPHONEOS_DEPLOYMENT_TARGET = 11.4;
				MTL_ENABLE_DEBUG_INFO = YES;
				ONLY_ACTIVE_ARCH = YES;
				SDKROOT = iphoneos;
				SWIFT_ACTIVE_COMPILATION_CONDITIONS = DEBUG;
				SWIFT_OPTIMIZATION_LEVEL = "-Onone";
			};
			name = Debug;
		};
		4115EE2E21397FE80099991F /* Release */ = {
			isa = XCBuildConfiguration;
			buildSettings = {
				ALWAYS_SEARCH_USER_PATHS = NO;
				CLANG_ANALYZER_NONNULL = YES;
				CLANG_ANALYZER_NUMBER_OBJECT_CONVERSION = YES_AGGRESSIVE;
				CLANG_CXX_LANGUAGE_STANDARD = "gnu++14";
				CLANG_CXX_LIBRARY = "libc++";
				CLANG_ENABLE_MODULES = YES;
				CLANG_ENABLE_OBJC_ARC = YES;
				CLANG_ENABLE_OBJC_WEAK = YES;
				CLANG_WARN_BLOCK_CAPTURE_AUTORELEASING = YES;
				CLANG_WARN_BOOL_CONVERSION = YES;
				CLANG_WARN_COMMA = YES;
				CLANG_WARN_CONSTANT_CONVERSION = YES;
				CLANG_WARN_DEPRECATED_OBJC_IMPLEMENTATIONS = YES;
				CLANG_WARN_DIRECT_OBJC_ISA_USAGE = YES_ERROR;
				CLANG_WARN_DOCUMENTATION_COMMENTS = YES;
				CLANG_WARN_EMPTY_BODY = YES;
				CLANG_WARN_ENUM_CONVERSION = YES;
				CLANG_WARN_INFINITE_RECURSION = YES;
				CLANG_WARN_INT_CONVERSION = YES;
				CLANG_WARN_NON_LITERAL_NULL_CONVERSION = YES;
				CLANG_WARN_OBJC_IMPLICIT_RETAIN_SELF = YES;
				CLANG_WARN_OBJC_LITERAL_CONVERSION = YES;
				CLANG_WARN_OBJC_ROOT_CLASS = YES_ERROR;
				CLANG_WARN_RANGE_LOOP_ANALYSIS = YES;
				CLANG_WARN_STRICT_PROTOTYPES = YES;
				CLANG_WARN_SUSPICIOUS_MOVE = YES;
				CLANG_WARN_UNGUARDED_AVAILABILITY = YES_AGGRESSIVE;
				CLANG_WARN_UNREACHABLE_CODE = YES;
				CLANG_WARN__DUPLICATE_METHOD_MATCH = YES;
				CODE_SIGN_IDENTITY = "iPhone Developer";
				COPY_PHASE_STRIP = NO;
				DEBUG_INFORMATION_FORMAT = "dwarf-with-dsym";
				ENABLE_NS_ASSERTIONS = NO;
				ENABLE_STRICT_OBJC_MSGSEND = YES;
				GCC_C_LANGUAGE_STANDARD = gnu11;
				GCC_NO_COMMON_BLOCKS = YES;
				GCC_WARN_64_TO_32_BIT_CONVERSION = YES;
				GCC_WARN_ABOUT_RETURN_TYPE = YES_ERROR;
				GCC_WARN_UNDECLARED_SELECTOR = YES;
				GCC_WARN_UNINITIALIZED_AUTOS = YES_AGGRESSIVE;
				GCC_WARN_UNUSED_FUNCTION = YES;
				GCC_WARN_UNUSED_VARIABLE = YES;
				IPHONEOS_DEPLOYMENT_TARGET = 11.4;
				MTL_ENABLE_DEBUG_INFO = NO;
				SDKROOT = iphoneos;
				SWIFT_COMPILATION_MODE = wholemodule;
				SWIFT_OPTIMIZATION_LEVEL = "-O";
				VALIDATE_PRODUCT = YES;
			};
			name = Release;
		};
		4115EE3021397FE80099991F /* Debug */ = {
			isa = XCBuildConfiguration;
			buildSettings = {
				ASSETCATALOG_COMPILER_APPICON_NAME = AppIcon;
				CODE_SIGN_IDENTITY = "iPhone Developer";
				CODE_SIGN_STYLE = Manual;
				DEVELOPMENT_TEAM = "";
				FRAMEWORK_SEARCH_PATHS = (
					"$(inherited)",
					"$(PROJECT_DIR)/APFancyPagerDemo",
				);
				INFOPLIST_FILE = APFancyPagerDemo/Info.plist;
				IPHONEOS_DEPLOYMENT_TARGET = 10.0;
				LD_RUNPATH_SEARCH_PATHS = (
					"$(inherited)",
					"@executable_path/Frameworks",
				);
				PRODUCT_BUNDLE_IDENTIFIER = tr.com.apps.APFancyPagerDemo;
				PRODUCT_NAME = "$(TARGET_NAME)";
				PROVISIONING_PROFILE_SPECIFIER = "";
				SWIFT_VERSION = 5.0;
				TARGETED_DEVICE_FAMILY = "1,2";
			};
			name = Debug;
		};
		4115EE3121397FE80099991F /* Release */ = {
			isa = XCBuildConfiguration;
			buildSettings = {
				ASSETCATALOG_COMPILER_APPICON_NAME = AppIcon;
				CODE_SIGN_IDENTITY = "iPhone Developer";
				CODE_SIGN_STYLE = Manual;
				DEVELOPMENT_TEAM = "";
				FRAMEWORK_SEARCH_PATHS = (
					"$(inherited)",
					"$(PROJECT_DIR)/APFancyPagerDemo",
				);
				INFOPLIST_FILE = APFancyPagerDemo/Info.plist;
				IPHONEOS_DEPLOYMENT_TARGET = 10.0;
				LD_RUNPATH_SEARCH_PATHS = (
					"$(inherited)",
					"@executable_path/Frameworks",
				);
				PRODUCT_BUNDLE_IDENTIFIER = tr.com.apps.APFancyPagerDemo;
				PRODUCT_NAME = "$(TARGET_NAME)";
				PROVISIONING_PROFILE_SPECIFIER = "";
				SWIFT_VERSION = 5.0;
				TARGETED_DEVICE_FAMILY = "1,2";
			};
			name = Release;
		};
		41399493227C2FF300C616F0 /* Debug */ = {
			isa = XCBuildConfiguration;
			buildSettings = {
				CODE_SIGN_STYLE = Automatic;
				DEVELOPMENT_TEAM = FBVGK9P3T9;
				INFOPLIST_FILE = APFancyPagerDemoUITests/Info.plist;
				IPHONEOS_DEPLOYMENT_TARGET = 12.2;
				LD_RUNPATH_SEARCH_PATHS = (
					"$(inherited)",
					"@executable_path/Frameworks",
					"@loader_path/Frameworks",
				);
				MTL_ENABLE_DEBUG_INFO = INCLUDE_SOURCE;
				MTL_FAST_MATH = YES;
				PRODUCT_BUNDLE_IDENTIFIER = tr.com.apps.APFancyPagerDemoUITests;
				PRODUCT_NAME = "$(TARGET_NAME)";
				SWIFT_VERSION = 5.0;
				TARGETED_DEVICE_FAMILY = "1,2";
				TEST_TARGET_NAME = APFancyPagerDemo;
			};
			name = Debug;
		};
		41399494227C2FF300C616F0 /* Release */ = {
			isa = XCBuildConfiguration;
			buildSettings = {
				CODE_SIGN_STYLE = Automatic;
				DEVELOPMENT_TEAM = FBVGK9P3T9;
				INFOPLIST_FILE = APFancyPagerDemoUITests/Info.plist;
				IPHONEOS_DEPLOYMENT_TARGET = 12.2;
				LD_RUNPATH_SEARCH_PATHS = (
					"$(inherited)",
					"@executable_path/Frameworks",
					"@loader_path/Frameworks",
				);
				MTL_FAST_MATH = YES;
				PRODUCT_BUNDLE_IDENTIFIER = tr.com.apps.APFancyPagerDemoUITests;
				PRODUCT_NAME = "$(TARGET_NAME)";
				SWIFT_VERSION = 5.0;
				TARGETED_DEVICE_FAMILY = "1,2";
				TEST_TARGET_NAME = APFancyPagerDemo;
			};
			name = Release;
		};
/* End XCBuildConfiguration section */

/* Begin XCConfigurationList section */
		4115EE1821397FE70099991F /* Build configuration list for PBXProject "APFancyPagerDemo" */ = {
			isa = XCConfigurationList;
			buildConfigurations = (
				4115EE2D21397FE80099991F /* Debug */,
				4115EE2E21397FE80099991F /* Release */,
			);
			defaultConfigurationIsVisible = 0;
			defaultConfigurationName = Release;
		};
		4115EE2F21397FE80099991F /* Build configuration list for PBXNativeTarget "APFancyPagerDemo" */ = {
			isa = XCConfigurationList;
			buildConfigurations = (
				4115EE3021397FE80099991F /* Debug */,
				4115EE3121397FE80099991F /* Release */,
			);
			defaultConfigurationIsVisible = 0;
			defaultConfigurationName = Release;
		};
		41399492227C2FF300C616F0 /* Build configuration list for PBXNativeTarget "APFancyPagerDemoUITests" */ = {
			isa = XCConfigurationList;
			buildConfigurations = (
				41399493227C2FF300C616F0 /* Debug */,
				41399494227C2FF300C616F0 /* Release */,
			);
			defaultConfigurationIsVisible = 0;
			defaultConfigurationName = Release;
		};
/* End XCConfigurationList section */
	};
	rootObject = 4115EE1521397FE70099991F /* Project object */;
}
